
Microsoft Visual Studio Solution File, Format Version 12.00
# Visual Studio Version 16
VisualStudioVersion = 16.0.30330.147
MinimumVisualStudioVersion = 10.0.40219.1
Project("{9A19103F-16F7-4668-BE54-9A1E7A4F7556}") = "PetShop", "PetShop\PetShop.csproj", "{AD50E2FE-5D99-4FF0-8F04-6D86AC1930ED}"
EndProject
Project("{9A19103F-16F7-4668-BE54-9A1E7A4F7556}") = "PetShop.Core.Entities", "PetShop.Core.Entities\PetShop.Core.Entities.csproj", "{868E24C2-4B78-49CF-AC03-F9271F2F6064}"
EndProject
Project("{9A19103F-16F7-4668-BE54-9A1E7A4F7556}") = "PetShop.Core", "PetShop.Core\PetShop.Core.csproj", "{7AD7281C-DBC9-4B96-9E05-132CF5194C0F}"
EndProject
Project("{9A19103F-16F7-4668-BE54-9A1E7A4F7556}") = "PetShop.Infrastructure.Data", "PetShop.Infrastructure.Data\PetShop.Infrastructure.Data.csproj", "{04776DEC-1B97-4BA8-9D42-551ED4425142}"
EndProject
Project("{FAE04EC0-301F-11D3-BF4B-00C04F79EFBC}") = "PetShopAppWebApi", "PetShopAppWebApi\PetShopAppWebApi.csproj", "{804035AB-6547-4A26-9A70-99A7893399FB}"
EndProject
Global
	GlobalSection(SolutionConfigurationPlatforms) = preSolution
		Debug|Any CPU = Debug|Any CPU
		Release|Any CPU = Release|Any CPU
	EndGlobalSection
	GlobalSection(ProjectConfigurationPlatforms) = postSolution
		{AD50E2FE-5D99-4FF0-8F04-6D86AC1930ED}.Debug|Any CPU.ActiveCfg = Debug|Any CPU
		{AD50E2FE-5D99-4FF0-8F04-6D86AC1930ED}.Debug|Any CPU.Build.0 = Debug|Any CPU
		{AD50E2FE-5D99-4FF0-8F04-6D86AC1930ED}.Release|Any CPU.ActiveCfg = Release|Any CPU
		{AD50E2FE-5D99-4FF0-8F04-6D86AC1930ED}.Release|Any CPU.Build.0 = Release|Any CPU
		{868E24C2-4B78-49CF-AC03-F9271F2F6064}.Debug|Any CPU.ActiveCfg = Debug|Any CPU
		{868E24C2-4B78-49CF-AC03-F9271F2F6064}.Debug|Any CPU.Build.0 = Debug|Any CPU
		{868E24C2-4B78-49CF-AC03-F9271F2F6064}.Release|Any CPU.ActiveCfg = Release|Any CPU
		{868E24C2-4B78-49CF-AC03-F9271F2F6064}.Release|Any CPU.Build.0 = Release|Any CPU
		{7AD7281C-DBC9-4B96-9E05-132CF5194C0F}.Debug|Any CPU.ActiveCfg = Debug|Any CPU
		{7AD7281C-DBC9-4B96-9E05-132CF5194C0F}.Debug|Any CPU.Build.0 = Debug|Any CPU
		{7AD7281C-DBC9-4B96-9E05-132CF5194C0F}.Release|Any CPU.ActiveCfg = Release|Any CPU
		{7AD7281C-DBC9-4B96-9E05-132CF5194C0F}.Release|Any CPU.Build.0 = Release|Any CPU
		{04776DEC-1B97-4BA8-9D42-551ED4425142}.Debug|Any CPU.ActiveCfg = Debug|Any CPU
		{04776DEC-1B97-4BA8-9D42-551ED4425142}.Debug|Any CPU.Build.0 = Debug|Any CPU
		{04776DEC-1B97-4BA8-9D42-551ED4425142}.Release|Any CPU.ActiveCfg = Release|Any CPU
		{04776DEC-1B97-4BA8-9D42-551ED4425142}.Release|Any CPU.Build.0 = Release|Any CPU
		{804035AB-6547-4A26-9A70-99A7893399FB}.Debug|Any CPU.ActiveCfg = Debug|Any CPU
		{804035AB-6547-4A26-9A70-99A7893399FB}.Debug|Any CPU.Build.0 = Debug|Any CPU
		{804035AB-6547-4A26-9A70-99A7893399FB}.Release|Any CPU.ActiveCfg = Release|Any CPU
		{804035AB-6547-4A26-9A70-99A7893399FB}.Release|Any CPU.Build.0 = Release|Any CPU
	EndGlobalSection
	GlobalSection(SolutionProperties) = preSolution
		HideSolutionNode = FALSE
	EndGlobalSection
	GlobalSection(ExtensibilityGlobals) = postSolution
		SolutionGuid = {75DC4F52-5D0A-4163-A91D-0227B5E5C834}
	EndGlobalSection
EndGlobal
